
Microsoft Visual Studio Solution File, Format Version 12.00
# Visual Studio Version 17
VisualStudioVersion = 17.3.32901.215
MinimumVisualStudioVersion = 10.0.40219.1
Project("{2150E333-8FDC-42A3-9474-1A3956D46DE8}") = "src", "src", "{54F3EA0D-86B3-400D-882C-D916395F13F1}"
EndProject
Project("{2150E333-8FDC-42A3-9474-1A3956D46DE8}") = "corePackages", "corePackages", "{29F52484-3464-499D-8C4B-2355230C28FC}"
EndProject
Project("{9A19103F-16F7-4668-BE54-9A1E7A4F7556}") = "Core.Application", "src\corePackages\Core.Application\Core.Application.csproj", "{C0A14899-1A85-414A-BBF6-709A6FB0F1E6}"
EndProject
Project("{9A19103F-16F7-4668-BE54-9A1E7A4F7556}") = "Core.CrossCuttingConcerns", "src\corePackages\Core.CrossCuttingConcerns\Core.CrossCuttingConcerns.csproj", "{D85C7CC0-E301-4706-B065-F64B5B568344}"
EndProject
Project("{9A19103F-16F7-4668-BE54-9A1E7A4F7556}") = "Core.Security", "src\corePackages\Core.Security\Core.Security.csproj", "{3B2402D3-6376-48EB-AF43-5FEDDEF148E2}"
EndProject
Project("{9A19103F-16F7-4668-BE54-9A1E7A4F7556}") = "Core.Persistence", "src\corePackages\Core.Persistence\Core.Persistence.csproj", "{249339E9-2D7D-472E-9F16-54B73C266A6C}"
EndProject
Project("{9A19103F-16F7-4668-BE54-9A1E7A4F7556}") = "Core.ElasticSearch", "src\corePackages\Core.ElasticSearch\Core.ElasticSearch.csproj", "{3184F73D-798F-40F1-AFED-67578814C5C1}"
EndProject
Project("{9A19103F-16F7-4668-BE54-9A1E7A4F7556}") = "Core.Mailing", "src\corePackages\Core.Mailing\Core.Mailing.csproj", "{CB267941-4D14-4757-8977-ECD83FD3C33C}"
EndProject
Project("{2150E333-8FDC-42A3-9474-1A3956D46DE8}") = "demoProjects", "demoProjects", "{626C1E19-4323-4E7D-A4F1-0F3E8CC0480B}"
EndProject
Project("{2150E333-8FDC-42A3-9474-1A3956D46DE8}") = "rentACar", "rentACar", "{F43A3EC2-A5B6-4C08-939B-5564E61C8A01}"
EndProject
Project("{9A19103F-16F7-4668-BE54-9A1E7A4F7556}") = "Application", "src\rentACar\Application\Application.csproj", "{D51E444E-3159-44A4-87EC-BF488A1438A3}"
EndProject
Project("{9A19103F-16F7-4668-BE54-9A1E7A4F7556}") = "Domain", "src\rentACar\Domain\Domain.csproj", "{B12EB08F-381C-4D74-9145-D3EC3E895817}"
EndProject
Project("{9A19103F-16F7-4668-BE54-9A1E7A4F7556}") = "Infrastructure", "src\rentACar\Infrastructure\Infrastructure.csproj", "{98FF041A-6E63-448E-9A44-03D5F6C6E802}"
EndProject
Project("{9A19103F-16F7-4668-BE54-9A1E7A4F7556}") = "Persistence", "src\rentACar\Persistence\Persistence.csproj", "{84197081-0C5C-43CF-A3D8-25ECB11E4EC3}"
EndProject
Project("{FAE04EC0-301F-11D3-BF4B-00C04F79EFBC}") = "WebAPI", "src\rentACar\WebAPI\WebAPI.csproj", "{518EC3B1-524A-4426-A2E0-2E090540D9D2}"
EndProject
Global
	GlobalSection(SolutionConfigurationPlatforms) = preSolution
		Debug|Any CPU = Debug|Any CPU
		Release|Any CPU = Release|Any CPU
	EndGlobalSection
	GlobalSection(ProjectConfigurationPlatforms) = postSolution
		{C0A14899-1A85-414A-BBF6-709A6FB0F1E6}.Debug|Any CPU.ActiveCfg = Debug|Any CPU
		{C0A14899-1A85-414A-BBF6-709A6FB0F1E6}.Debug|Any CPU.Build.0 = Debug|Any CPU
		{C0A14899-1A85-414A-BBF6-709A6FB0F1E6}.Release|Any CPU.ActiveCfg = Release|Any CPU
		{C0A14899-1A85-414A-BBF6-709A6FB0F1E6}.Release|Any CPU.Build.0 = Release|Any CPU
		{D85C7CC0-E301-4706-B065-F64B5B568344}.Debug|Any CPU.ActiveCfg = Debug|Any CPU
		{D85C7CC0-E301-4706-B065-F64B5B568344}.Debug|Any CPU.Build.0 = Debug|Any CPU
		{D85C7CC0-E301-4706-B065-F64B5B568344}.Release|Any CPU.ActiveCfg = Release|Any CPU
		{D85C7CC0-E301-4706-B065-F64B5B568344}.Release|Any CPU.Build.0 = Release|Any CPU
		{3B2402D3-6376-48EB-AF43-5FEDDEF148E2}.Debug|Any CPU.ActiveCfg = Debug|Any CPU
		{3B2402D3-6376-48EB-AF43-5FEDDEF148E2}.Debug|Any CPU.Build.0 = Debug|Any CPU
		{3B2402D3-6376-48EB-AF43-5FEDDEF148E2}.Release|Any CPU.ActiveCfg = Release|Any CPU
		{3B2402D3-6376-48EB-AF43-5FEDDEF148E2}.Release|Any CPU.Build.0 = Release|Any CPU
		{249339E9-2D7D-472E-9F16-54B73C266A6C}.Debug|Any CPU.ActiveCfg = Debug|Any CPU
		{249339E9-2D7D-472E-9F16-54B73C266A6C}.Debug|Any CPU.Build.0 = Debug|Any CPU
		{249339E9-2D7D-472E-9F16-54B73C266A6C}.Release|Any CPU.ActiveCfg = Release|Any CPU
		{249339E9-2D7D-472E-9F16-54B73C266A6C}.Release|Any CPU.Build.0 = Release|Any CPU
		{3184F73D-798F-40F1-AFED-67578814C5C1}.Debug|Any CPU.ActiveCfg = Debug|Any CPU
		{3184F73D-798F-40F1-AFED-67578814C5C1}.Debug|Any CPU.Build.0 = Debug|Any CPU
		{3184F73D-798F-40F1-AFED-67578814C5C1}.Release|Any CPU.ActiveCfg = Release|Any CPU
		{3184F73D-798F-40F1-AFED-67578814C5C1}.Release|Any CPU.Build.0 = Release|Any CPU
		{CB267941-4D14-4757-8977-ECD83FD3C33C}.Debug|Any CPU.ActiveCfg = Debug|Any CPU
		{CB267941-4D14-4757-8977-ECD83FD3C33C}.Debug|Any CPU.Build.0 = Debug|Any CPU
		{CB267941-4D14-4757-8977-ECD83FD3C33C}.Release|Any CPU.ActiveCfg = Release|Any CPU
		{CB267941-4D14-4757-8977-ECD83FD3C33C}.Release|Any CPU.Build.0 = Release|Any CPU
		{D51E444E-3159-44A4-87EC-BF488A1438A3}.Debug|Any CPU.ActiveCfg = Debug|Any CPU
		{D51E444E-3159-44A4-87EC-BF488A1438A3}.Debug|Any CPU.Build.0 = Debug|Any CPU
		{D51E444E-3159-44A4-87EC-BF488A1438A3}.Release|Any CPU.ActiveCfg = Release|Any CPU
		{D51E444E-3159-44A4-87EC-BF488A1438A3}.Release|Any CPU.Build.0 = Release|Any CPU
		{B12EB08F-381C-4D74-9145-D3EC3E895817}.Debug|Any CPU.ActiveCfg = Debug|Any CPU
		{B12EB08F-381C-4D74-9145-D3EC3E895817}.Debug|Any CPU.Build.0 = Debug|Any CPU
		{B12EB08F-381C-4D74-9145-D3EC3E895817}.Release|Any CPU.ActiveCfg = Release|Any CPU
		{B12EB08F-381C-4D74-9145-D3EC3E895817}.Release|Any CPU.Build.0 = Release|Any CPU
		{98FF041A-6E63-448E-9A44-03D5F6C6E802}.Debug|Any CPU.ActiveCfg = Debug|Any CPU
		{98FF041A-6E63-448E-9A44-03D5F6C6E802}.Debug|Any CPU.Build.0 = Debug|Any CPU
		{98FF041A-6E63-448E-9A44-03D5F6C6E802}.Release|Any CPU.ActiveCfg = Release|Any CPU
		{98FF041A-6E63-448E-9A44-03D5F6C6E802}.Release|Any CPU.Build.0 = Release|Any CPU
		{84197081-0C5C-43CF-A3D8-25ECB11E4EC3}.Debug|Any CPU.ActiveCfg = Debug|Any CPU
		{84197081-0C5C-43CF-A3D8-25ECB11E4EC3}.Debug|Any CPU.Build.0 = Debug|Any CPU
		{84197081-0C5C-43CF-A3D8-25ECB11E4EC3}.Release|Any CPU.ActiveCfg = Release|Any CPU
		{84197081-0C5C-43CF-A3D8-25ECB11E4EC3}.Release|Any CPU.Build.0 = Release|Any CPU
		{518EC3B1-524A-4426-A2E0-2E090540D9D2}.Debug|Any CPU.ActiveCfg = Debug|Any CPU
		{518EC3B1-524A-4426-A2E0-2E090540D9D2}.Debug|Any CPU.Build.0 = Debug|Any CPU
		{518EC3B1-524A-4426-A2E0-2E090540D9D2}.Release|Any CPU.ActiveCfg = Release|Any CPU
		{518EC3B1-524A-4426-A2E0-2E090540D9D2}.Release|Any CPU.Build.0 = Release|Any CPU
	EndGlobalSection
	GlobalSection(SolutionProperties) = preSolution
		HideSolutionNode = FALSE
	EndGlobalSection
	GlobalSection(NestedProjects) = preSolution
		{29F52484-3464-499D-8C4B-2355230C28FC} = {54F3EA0D-86B3-400D-882C-D916395F13F1}
		{C0A14899-1A85-414A-BBF6-709A6FB0F1E6} = {29F52484-3464-499D-8C4B-2355230C28FC}
		{D85C7CC0-E301-4706-B065-F64B5B568344} = {29F52484-3464-499D-8C4B-2355230C28FC}
		{3B2402D3-6376-48EB-AF43-5FEDDEF148E2} = {29F52484-3464-499D-8C4B-2355230C28FC}
		{249339E9-2D7D-472E-9F16-54B73C266A6C} = {29F52484-3464-499D-8C4B-2355230C28FC}
		{3184F73D-798F-40F1-AFED-67578814C5C1} = {29F52484-3464-499D-8C4B-2355230C28FC}
		{CB267941-4D14-4757-8977-ECD83FD3C33C} = {29F52484-3464-499D-8C4B-2355230C28FC}
		{626C1E19-4323-4E7D-A4F1-0F3E8CC0480B} = {54F3EA0D-86B3-400D-882C-D916395F13F1}
		{F43A3EC2-A5B6-4C08-939B-5564E61C8A01} = {626C1E19-4323-4E7D-A4F1-0F3E8CC0480B}
		{D51E444E-3159-44A4-87EC-BF488A1438A3} = {F43A3EC2-A5B6-4C08-939B-5564E61C8A01}
		{B12EB08F-381C-4D74-9145-D3EC3E895817} = {F43A3EC2-A5B6-4C08-939B-5564E61C8A01}
		{98FF041A-6E63-448E-9A44-03D5F6C6E802} = {F43A3EC2-A5B6-4C08-939B-5564E61C8A01}
		{84197081-0C5C-43CF-A3D8-25ECB11E4EC3} = {F43A3EC2-A5B6-4C08-939B-5564E61C8A01}
		{518EC3B1-524A-4426-A2E0-2E090540D9D2} = {F43A3EC2-A5B6-4C08-939B-5564E61C8A01}
	EndGlobalSection
	GlobalSection(ExtensibilityGlobals) = postSolution
		SolutionGuid = {D9EEB405-4E03-4F3B-8861-A4341D35881C}
	EndGlobalSection
EndGlobal
